{
  "version": 4,
  "terraform_version": "1.1.8",
  "serial": 8,
  "lineage": "a8e3e2a6-2e60-120e-15bf-65f993ed14a4",
  "outputs": {},
  "resources": [
    {
      "mode": "managed",
      "type": "google_compute_network",
      "name": "main-vpc",
      "provider": "provider[\"registry.terraform.io/hashicorp/google\"]",
      "instances": [
        {
          "schema_version": 0,
          "attributes": {
            "auto_create_subnetworks": false,
            "delete_default_routes_on_create": false,
            "description": "",
            "gateway_ipv4": "",
            "id": "projects/ucraft-346808/global/networks/main-vpc",
            "mtu": 1460,
            "name": "main-vpc",
            "project": "ucraft-346808",
            "routing_mode": "REGIONAL",
            "self_link": "https://www.googleapis.com/compute/v1/projects/ucraft-346808/global/networks/main-vpc",
            "timeouts": null
          },
          "sensitive_attributes": [],
          "private": "eyJlMmJmYjczMC1lY2FhLTExZTYtOGY4OC0zNDM2M2JjN2M0YzAiOnsiY3JlYXRlIjoxMjAwMDAwMDAwMDAwLCJkZWxldGUiOjEyMDAwMDAwMDAwMDAsInVwZGF0ZSI6MTIwMDAwMDAwMDAwMH19"
        }
      ]
    },
    {
      "mode": "managed",
      "type": "google_compute_subnetwork",
      "name": "mgmt",
      "provider": "provider[\"registry.terraform.io/hashicorp/google\"]",
      "instances": [
        {
          "schema_version": 0,
          "attributes": {
            "creation_timestamp": "2022-04-10T05:24:36.186-07:00",
            "description": "",
            "external_ipv6_prefix": "",
            "fingerprint": null,
            "gateway_address": "10.0.0.1",
            "id": "projects/ucraft-346808/regions/europe-west3/subnetworks/mgmt",
            "ip_cidr_range": "10.0.0.0/24",
            "ipv6_access_type": "",
            "ipv6_cidr_range": "",
            "log_config": [],
            "name": "mgmt",
            "network": "https://www.googleapis.com/compute/v1/projects/ucraft-346808/global/networks/main-vpc",
            "private_ip_google_access": false,
            "private_ipv6_google_access": "DISABLE_GOOGLE_ACCESS",
            "project": "ucraft-346808",
            "purpose": "PRIVATE",
            "region": "europe-west3",
            "role": "",
            "secondary_ip_range": [],
            "self_link": "https://www.googleapis.com/compute/v1/projects/ucraft-346808/regions/europe-west3/subnetworks/mgmt",
            "stack_type": "IPV4_ONLY",
            "timeouts": null
          },
          "sensitive_attributes": [],
          "private": "eyJlMmJmYjczMC1lY2FhLTExZTYtOGY4OC0zNDM2M2JjN2M0YzAiOnsiY3JlYXRlIjoxMjAwMDAwMDAwMDAwLCJkZWxldGUiOjEyMDAwMDAwMDAwMDAsInVwZGF0ZSI6MTIwMDAwMDAwMDAwMH19",
          "dependencies": [
            "google_compute_network.main-vpc"
          ]
        }
      ]
    }
  ]
}
